// !$*UTF8*$!
{
	archiveVersion = 1;
	classes = {
	};
	objectVersion = 46;
	objects = {

/* Begin PBXBuildFile section */
		A558976E1DAD3A9600CBDA41 /* AppDelegate.swift in Sources */ = {isa = PBXBuildFile; fileRef = A558976D1DAD3A9600CBDA41 /* AppDelegate.swift */; };
		A55897701DAD3A9600CBDA41 /* ViewController.swift in Sources */ = {isa = PBXBuildFile; fileRef = A558976F1DAD3A9600CBDA41 /* ViewController.swift */; };
		A55897731DAD3A9600CBDA41 /* Main.storyboard in Resources */ = {isa = PBXBuildFile; fileRef = A55897711DAD3A9600CBDA41 /* Main.storyboard */; };
		A55897751DAD3A9600CBDA41 /* Assets.xcassets in Resources */ = {isa = PBXBuildFile; fileRef = A55897741DAD3A9600CBDA41 /* Assets.xcassets */; };
		A55897781DAD3A9600CBDA41 /* LaunchScreen.storyboard in Resources */ = {isa = PBXBuildFile; fileRef = A55897761DAD3A9600CBDA41 /* LaunchScreen.storyboard */; };
		A55897801DAD3B4C00CBDA41 /* Calculator.swift in Sources */ = {isa = PBXBuildFile; fileRef = A558977F1DAD3B4C00CBDA41 /* Calculator.swift */; };
/* End PBXBuildFile section */

/* Begin PBXFileReference section */
		A558976A1DAD3A9600CBDA41 /* Calculator.app */ = {isa = PBXFileReference; explicitFileType = wrapper.application; includeInIndex = 0; path = Calculator.app; sourceTree = BUILT_PRODUCTS_DIR; };
		A558976D1DAD3A9600CBDA41 /* AppDelegate.swift */ = {isa = PBXFileReference; lastKnownFileType = sourcecode.swift; path = AppDelegate.swift; sourceTree = "<group>"; };
		A558976F1DAD3A9600CBDA41 /* ViewController.swift */ = {isa = PBXFileReference; lastKnownFileType = sourcecode.swift; path = ViewController.swift; sourceTree = "<group>"; };
		A55897721DAD3A9600CBDA41 /* Base */ = {isa = PBXFileReference; lastKnownFileType = file.storyboard; name = Base; path = Base.lproj/Main.storyboard; sourceTree = "<group>"; };
		A55897741DAD3A9600CBDA41 /* Assets.xcassets */ = {isa = PBXFileReference; lastKnownFileType = folder.assetcatalog; path = Assets.xcassets; sourceTree = "<group>"; };
		A55897771DAD3A9600CBDA41 /* Base */ = {isa = PBXFileReference; lastKnownFileType = file.storyboard; name = Base; path = Base.lproj/LaunchScreen.storyboard; sourceTree = "<group>"; };
		A55897791DAD3A9600CBDA41 /* Info.plist */ = {isa = PBXFileReference; lastKnownFileType = text.plist.xml; path = Info.plist; sourceTree = "<group>"; };
		A558977F1DAD3B4C00CBDA41 /* Calculator.swift */ = {isa = PBXFileReference; fileEncoding = 4; lastKnownFileType = sourcecode.swift; path = Calculator.swift; sourceTree = "<group>"; };
/* End PBXFileReference section */

/* Begin PBXFrameworksBuildPhase section */
		A55897671DAD3A9600CBDA41 /* Frameworks */ = {
			isa = PBXFrameworksBuildPhase;
			buildActionMask = 2147483647;
			files = (
			);
			runOnlyForDeploymentPostprocessing = 0;
		};
/* End PBXFrameworksBuildPhase section */

/* Begin PBXGroup section */
		A55897611DAD3A9500CBDA41 = {
			isa = PBXGroup;
			children = (
				A558976C1DAD3A9600CBDA41 /* Calculator */,
				A558976B1DAD3A9600CBDA41 /* Products */,
			);
			sourceTree = "<group>";
		};
		A558976B1DAD3A9600CBDA41 /* Products */ = {
			isa = PBXGroup;
			children = (
				A558976A1DAD3A9600CBDA41 /* Calculator.app */,
			);
			name = Products;
			sourceTree = "<group>";
		};
		A558976C1DAD3A9600CBDA41 /* Calculator */ = {
			isa = PBXGroup;
			children = (
				A558976D1DAD3A9600CBDA41 /* AppDelegate.swift */,
				A558976F1DAD3A9600CBDA41 /* ViewController.swift */,
				A558977F1DAD3B4C00CBDA41 /* Calculator.swift */,
				A55897711DAD3A9600CBDA41 /* Main.storyboard */,
				A55897741DAD3A9600CBDA41 /* Assets.xcassets */,
				A55897761DAD3A9600CBDA41 /* LaunchScreen.storyboard */,
				A55897791DAD3A9600CBDA41 /* Info.plist */,
			);
			path = Calculator;
			sourceTree = "<group>";
		};
/* End PBXGroup section */

/* Begin PBXNativeTarget section */
		A55897691DAD3A9600CBDA41 /* Calculator */ = {
			isa = PBXNativeTarget;
			buildConfigurationList = A558977C1DAD3A9600CBDA41 /* Build configuration list for PBXNativeTarget "Calculator" */;
			buildPhases = (
				A55897661DAD3A9600CBDA41 /* Sources */,
				A55897671DAD3A9600CBDA41 /* Frameworks */,
				A55897681DAD3A9600CBDA41 /* Resources */,
			);
			buildRules = (
			);
			dependencies = (
			);
			name = Calculator;
			productName = Calculator;
			productReference = A558976A1DAD3A9600CBDA41 /* Calculator.app */;
			productType = "com.apple.product-type.application";
		};
/* End PBXNativeTarget section */

/* Begin PBXProject section */
		A55897621DAD3A9500CBDA41 /* Project object */ = {
			isa = PBXProject;
			attributes = {
				LastSwiftUpdateCheck = 0800;
				LastUpgradeCheck = 0800;
				ORGANIZATIONNAME = "Artem Belkov";
				TargetAttributes = {
					A55897691DAD3A9600CBDA41 = {
						CreatedOnToolsVersion = 8.0;
						ProvisioningStyle = Automatic;
					};
				};
			};
			buildConfigurationList = A55897651DAD3A9500CBDA41 /* Build configuration list for PBXProject "Calculator" */;
			compatibilityVersion = "Xcode 3.2";
			developmentRegion = English;
			hasScannedForEncodings = 0;
			knownRegions = (
				en,
				Base,
			);
			mainGroup = A55897611DAD3A9500CBDA41;
			productRefGroup = A558976B1DAD3A9600CBDA41 /* Products */;
			projectDirPath = "";
			projectRoot = "";
			targets = (
				A55897691DAD3A9600CBDA41 /* Calculator */,
			);
		};
/* End PBXProject section */

/* Begin PBXResourcesBuildPhase section */
		A55897681DAD3A9600CBDA41 /* Resources */ = {
			isa = PBXResourcesBuildPhase;
			buildActionMask = 2147483647;
			files = (
				A55897781DAD3A9600CBDA41 /* LaunchScreen.storyboard in Resources */,
				A55897751DAD3A9600CBDA41 /* Assets.xcassets in Resources */,
				A55897731DAD3A9600CBDA41 /* Main.storyboard in Resources */,
			);
			runOnlyForDeploymentPostprocessing = 0;
		};
/* End PBXResourcesBuildPhase section */

/* Begin PBXSourcesBuildPhase section */
		A55897661DAD3A9600CBDA41 /* Sources */ = {
			isa = PBXSourcesBuildPhase;
			buildActionMask = 2147483647;
			files = (
				A55897701DAD3A9600CBDA41 /* ViewController.swift in Sources */,
				A558976E1DAD3A9600CBDA41 /* AppDelegate.swift in Sources */,
				A55897801DAD3B4C00CBDA41 /* Calculator.swift in Sources */,
			);
			runOnlyForDeploymentPostprocessing = 0;
		};
/* End PBXSourcesBuildPhase section */

/* Begin PBXVariantGroup section */
		A55897711DAD3A9600CBDA41 /* Main.storyboard */ = {
			isa = PBXVariantGroup;
			children = (
				A55897721DAD3A9600CBDA41 /* Base */,
			);
			name = Main.storyboard;
			sourceTree = "<group>";
		};
		A55897761DAD3A9600CBDA41 /* LaunchScreen.storyboard */ = {
			isa = PBXVariantGroup;
			children = (
				A55897771DAD3A9600CBDA41 /* Base */,
			);
			name = LaunchScreen.storyboard;
			sourceTree = "<group>";
		};
/* End PBXVariantGroup section */

/* Begin XCBuildConfiguration section */
		A558977A1DAD3A9600CBDA41 /* Debug */ = {
			isa = XCBuildConfiguration;
			buildSettings = {
				ALWAYS_SEARCH_USER_PATHS = NO;
				CLANG_ANALYZER_NONNULL = YES;
				CLANG_CXX_LANGUAGE_STANDARD = "gnu++0x";
				CLANG_CXX_LIBRARY = "libc++";
				CLANG_ENABLE_MODULES = YES;
				CLANG_ENABLE_OBJC_ARC = YES;
				CLANG_WARN_BOOL_CONVERSION = YES;
				CLANG_WARN_CONSTANT_CONVERSION = YES;
				CLANG_WARN_DIRECT_OBJC_ISA_USAGE = YES_ERROR;
				CLANG_WARN_DOCUMENTATION_COMMENTS = YES;
				CLANG_WARN_EMPTY_BODY = YES;
				CLANG_WARN_ENUM_CONVERSION = YES;
				CLANG_WARN_INFINITE_RECURSION = YES;
				CLANG_WARN_INT_CONVERSION = YES;
				CLANG_WARN_OBJC_ROOT_CLASS = YES_ERROR;
				CLANG_WARN_SUSPICIOUS_MOVES = YES;
				CLANG_WARN_UNREACHABLE_CODE = YES;
				CLANG_WARN__DUPLICATE_METHOD_MATCH = YES;
				"CODE_SIGN_IDENTITY[sdk=iphoneos*]" = "iPhone Developer";
				COPY_PHASE_STRIP = NO;
				DEBUG_INFORMATION_FORMAT = dwarf;
				ENABLE_STRICT_OBJC_MSGSEND = YES;
				ENABLE_TESTABILITY = YES;
				GCC_C_LANGUAGE_STANDARD = gnu99;
				GCC_DYNAMIC_NO_PIC = NO;
				GCC_NO_COMMON_BLOCKS = YES;
				GCC_OPTIMIZATION_LEVEL = 0;
				GCC_PREPROCESSOR_DEFINITIONS = (
					"DEBUG=1",
					"$(inherited)",
				);
				GCC_WARN_64_TO_32_BIT_CONVERSION = YES;
				GCC_WARN_ABOUT_RETURN_TYPE = YES_ERROR;
				GCC_WARN_UNDECLARED_SELECTOR = YES;
				GCC_WARN_UNINITIALIZED_AUTOS = YES_AGGRESSIVE;
				GCC_WARN_UNUSED_FUNCTION = YES;
				GCC_WARN_UNUSED_VARIABLE = YES;
				IPHONEOS_DEPLOYMENT_TARGET = 10.0;
				MTL_ENABLE_DEBUG_INFO = YES;
				ONLY_ACTIVE_ARCH = YES;
				SDKROOT = iphoneos;
				SWIFT_ACTIVE_COMPILATION_CONDITIONS = DEBUG;
				SWIFT_OPTIMIZATION_LEVEL = "-Onone";
			};
			name = Debug;
		};
		A558977B1DAD3A9600CBDA41 /* Release */ = {
			isa = XCBuildConfiguration;
			buildSettings = {
				ALWAYS_SEARCH_USER_PATHS = NO;
				CLANG_ANALYZER_NONNULL = YES;
				CLANG_CXX_LANGUAGE_STANDARD = "gnu++0x";
				CLANG_CXX_LIBRARY = "libc++";
				CLANG_ENABLE_MODULES = YES;
				CLANG_ENABLE_OBJC_ARC = YES;
				CLANG_WARN_BOOL_CONVERSION = YES;
				CLANG_WARN_CONSTANT_CONVERSION = YES;
				CLANG_WARN_DIRECT_OBJC_ISA_USAGE = YES_ERROR;
				CLANG_WARN_DOCUMENTATION_COMMENTS = YES;
				CLANG_WARN_EMPTY_BODY = YES;
				CLANG_WARN_ENUM_CONVERSION = YES;
				CLANG_WARN_INFINITE_RECURSION = YES;
				CLANG_WARN_INT_CONVERSION = YES;
				CLANG_WARN_OBJC_ROOT_CLASS = YES_ERROR;
				CLANG_WARN_SUSPICIOUS_MOVES = YES;
				CLANG_WARN_UNREACHABLE_CODE = YES;
				CLANG_WARN__DUPLICATE_METHOD_MATCH = YES;
				"CODE_SIGN_IDENTITY[sdk=iphoneos*]" = "iPhone Developer";
				COPY_PHASE_STRIP = NO;
				DEBUG_INFORMATION_FORMAT = "dwarf-with-dsym";
				ENABLE_NS_ASSERTIONS = NO;
				ENABLE_STRICT_OBJC_MSGSEND = YES;
				GCC_C_LANGUAGE_STANDARD = gnu99;
				GCC_NO_COMMON_BLOCKS = YES;
				GCC_WARN_64_TO_32_BIT_CONVERSION = YES;
				GCC_WARN_ABOUT_RETURN_TYPE = YES_ERROR;
				GCC_WARN_UNDECLARED_SELECTOR = YES;
				GCC_WARN_UNINITIALIZED_AUTOS = YES_AGGRESSIVE;
				GCC_WARN_UNUSED_FUNCTION = YES;
				GCC_WARN_UNUSED_VARIABLE = YES;
				IPHONEOS_DEPLOYMENT_TARGET = 10.0;
				MTL_ENABLE_DEBUG_INFO = NO;
				SDKROOT = iphoneos;
				SWIFT_OPTIMIZATION_LEVEL = "-Owholemodule";
				VALIDATE_PRODUCT = YES;
			};
			name = Release;
		};
		A558977D1DAD3A9600CBDA41 /* Debug */ = {
			isa = XCBuildConfiguration;
			buildSettings = {
				ASSETCATALOG_COMPILER_APPICON_NAME = AppIcon;
				DEVELOPMENT_TEAM = "";
				INFOPLIST_FILE = Calculator/Info.plist;
				LD_RUNPATH_SEARCH_PATHS = "$(inherited) @executable_path/Frameworks";
				PRODUCT_BUNDLE_IDENTIFIER = bestK1ng.Calculator;
				PRODUCT_NAME = "$(TARGET_NAME)";
				SWIFT_VERSION = 3.0;
			};
			name = Debug;
		};
		A558977E1DAD3A9600CBDA41 /* Release */ = {
			isa = XCBuildConfiguration;
			buildSettings = {
				ASSETCATALOG_COMPILER_APPICON_NAME = AppIcon;
				DEVELOPMENT_TEAM = "";
				INFOPLIST_FILE = Calculator/Info.plist;
				LD_RUNPATH_SEARCH_PATHS = "$(inherited) @executable_path/Frameworks";
				PRODUCT_BUNDLE_IDENTIFIER = bestK1ng.Calculator;
				PRODUCT_NAME = "$(TARGET_NAME)";
				SWIFT_VERSION = 3.0;
			};
			name = Release;
		};
/* End XCBuildConfiguration section */

/* Begin XCConfigurationList section */
		A55897651DAD3A9500CBDA41 /* Build configuration list for PBXProject "Calculator" */ = {
			isa = XCConfigurationList;
			buildConfigurations = (
				A558977A1DAD3A9600CBDA41 /* Debug */,
				A558977B1DAD3A9600CBDA41 /* Release */,
			);
			defaultConfigurationIsVisible = 0;
			defaultConfigurationName = Release;
		};
		A558977C1DAD3A9600CBDA41 /* Build configuration list for PBXNativeTarget "Calculator" */ = {
			isa = XCConfigurationList;
			buildConfigurations = (
				A558977D1DAD3A9600CBDA41 /* Debug */,
				A558977E1DAD3A9600CBDA41 /* Release */,
			);
			defaultConfigurationIsVisible = 0;
		};
/* End XCConfigurationList section */
	};
	rootObject = A55897621DAD3A9500CBDA41 /* Project object */;
}
